
Microsoft Visual Studio Solution File, Format Version 12.00
# Visual Studio Version 17
VisualStudioVersion = 17.4.33213.308
MinimumVisualStudioVersion = 10.0.40219.1
Project("{FAE04EC0-301F-11D3-BF4B-00C04F79EFBC}") = "EnvironmentWork", "EnvironmentWork.csproj", "{7E9D95BB-9E22-43AF-B037-739068D9682E}"
EndProject
Global
	GlobalSection(SolutionConfigurationPlatforms) = preSolution
		Debug|Any CPU = Debug|Any CPU
		Release|Any CPU = Release|Any CPU
	EndGlobalSection
	GlobalSection(ProjectConfigurationPlatforms) = postSolution
		{7E9D95BB-9E22-43AF-B037-739068D9682E}.Debug|Any CPU.ActiveCfg = Debug|Any CPU
		{7E9D95BB-9E22-43AF-B037-739068D9682E}.Debug|Any CPU.Build.0 = Debug|Any CPU
		{7E9D95BB-9E22-43AF-B037-739068D9682E}.Release|Any CPU.ActiveCfg = Release|Any CPU
		{7E9D95BB-9E22-43AF-B037-739068D9682E}.Release|Any CPU.Build.0 = Release|Any CPU
	EndGlobalSection
	GlobalSection(SolutionProperties) = preSolution
		HideSolutionNode = FALSE
	EndGlobalSection
	GlobalSection(ExtensibilityGlobals) = postSolution
		SolutionGuid = {A549A551-DCF3-4A5C-BF5D-91B0AB4A97E3}
	EndGlobalSection
EndGlobal
